
Microsoft Visual Studio Solution File, Format Version 12.00
# Visual Studio Version 16
VisualStudioVersion = 16.0.30907.101
MinimumVisualStudioVersion = 10.0.40219.1
Project("{FAE04EC0-301F-11D3-BF4B-00C04F79EFBC}") = "Net5_React_DiningTemplate.Web", "Net5_React_DiningTemplate.Web\Net5_React_DiningTemplate.Web.csproj", "{827DE62C-B792-4EED-81AD-9DB60C75DD2C}"
EndProject
Global
	GlobalSection(SolutionConfigurationPlatforms) = preSolution
		Debug|Any CPU = Debug|Any CPU
		Release|Any CPU = Release|Any CPU
	EndGlobalSection
	GlobalSection(ProjectConfigurationPlatforms) = postSolution
		{827DE62C-B792-4EED-81AD-9DB60C75DD2C}.Debug|Any CPU.ActiveCfg = Debug|Any CPU
		{827DE62C-B792-4EED-81AD-9DB60C75DD2C}.Debug|Any CPU.Build.0 = Debug|Any CPU
		{827DE62C-B792-4EED-81AD-9DB60C75DD2C}.Release|Any CPU.ActiveCfg = Release|Any CPU
		{827DE62C-B792-4EED-81AD-9DB60C75DD2C}.Release|Any CPU.Build.0 = Release|Any CPU
	EndGlobalSection
	GlobalSection(SolutionProperties) = preSolution
		HideSolutionNode = FALSE
	EndGlobalSection
	GlobalSection(ExtensibilityGlobals) = postSolution
		SolutionGuid = {0A6F9F39-ABDD-488B-B652-9E21E6942C58}
	EndGlobalSection
EndGlobal
